dependencies:
- name: postgresql
  repository: https://charts.bitnami.com/bitnami
  version: 16.4.5
- name: redis
  repository: https://charts.bitnami.com/bitnami
  version: 17.13.2
digest: sha256:cea090502d0c528aca8fc59671583751a1e03117759eeacd1ece12588820ec43
generated: "2025-01-21T05:58:47.783810133Z"
