dependencies:
- name: postgresql
  repository: https://charts.bitnami.com/bitnami
  version: 12.6.8
- name: redis
  repository: https://charts.bitnami.com/bitnami
  version: 20.6.3
digest: sha256:7bba23d71d9011d97ee14066fd2c3fb6eccc0ed935c4f2f2178b91e5d363e9c8
generated: "2025-01-15T13:55:28.153759683Z"
